
Microsoft Visual Studio Solution File, Format Version 12.00
# Visual Studio Version 16
VisualStudioVersion = 16.0.28917.181
MinimumVisualStudioVersion = 10.0.40219.1
Project("{FAE04EC0-301F-11D3-BF4B-00C04F79EFBC}") = "GymApplication", "GymApplication\GymApplication.csproj", "{9D2FD59B-FD9E-4BF3-8C75-366EF57346F1}"
EndProject
Global
	GlobalSection(SolutionConfigurationPlatforms) = preSolution
		Debug|Any CPU = Debug|Any CPU
		Release|Any CPU = Release|Any CPU
	EndGlobalSection
	GlobalSection(ProjectConfigurationPlatforms) = postSolution
		{9D2FD59B-FD9E-4BF3-8C75-366EF57346F1}.Debug|Any CPU.ActiveCfg = Debug|Any CPU
		{9D2FD59B-FD9E-4BF3-8C75-366EF57346F1}.Debug|Any CPU.Build.0 = Debug|Any CPU
		{9D2FD59B-FD9E-4BF3-8C75-366EF57346F1}.Release|Any CPU.ActiveCfg = Release|Any CPU
		{9D2FD59B-FD9E-4BF3-8C75-366EF57346F1}.Release|Any CPU.Build.0 = Release|Any CPU
	EndGlobalSection
	GlobalSection(SolutionProperties) = preSolution
		HideSolutionNode = FALSE
	EndGlobalSection
	GlobalSection(ExtensibilityGlobals) = postSolution
		SolutionGuid = {D6C8FD05-2D27-401B-954F-7A895881912D}
	EndGlobalSection
EndGlobal
